
Microsoft Visual Studio Solution File, Format Version 12.00
Project("{FAE04EC0-301F-11D3-BF4B-00C04F79EFBC}") = "PaintSystemAPIVersionOne", "PaintSystemAPIVersionOne\PaintSystemAPIVersionOne.csproj", "{13233C6E-51AD-47C6-9DF9-E83F37003428}"
EndProject
Project("{FAE04EC0-301F-11D3-BF4B-00C04F79EFBC}") = "BookManagementSystemAPI", "BookManagementSystemAPI\BookManagementSystemAPI.csproj", "{DA8012F6-B63B-400A-8630-D27FE30A35B8}"
EndProject
Project("{FAE04EC0-301F-11D3-BF4B-00C04F79EFBC}") = "SynchronousAndAsynchronous", "SynchronousAndAsynchronous\SynchronousAndAsynchronous.csproj", "{53CD6521-1E21-4011-A1B0-20E72491D257}"
EndProject
Global
	GlobalSection(SolutionConfigurationPlatforms) = preSolution
		Debug|Any CPU = Debug|Any CPU
		Release|Any CPU = Release|Any CPU
	EndGlobalSection
	GlobalSection(ProjectConfigurationPlatforms) = postSolution
		{13233C6E-51AD-47C6-9DF9-E83F37003428}.Debug|Any CPU.ActiveCfg = Debug|Any CPU
		{13233C6E-51AD-47C6-9DF9-E83F37003428}.Debug|Any CPU.Build.0 = Debug|Any CPU
		{13233C6E-51AD-47C6-9DF9-E83F37003428}.Release|Any CPU.ActiveCfg = Release|Any CPU
		{13233C6E-51AD-47C6-9DF9-E83F37003428}.Release|Any CPU.Build.0 = Release|Any CPU
		{DA8012F6-B63B-400A-8630-D27FE30A35B8}.Debug|Any CPU.ActiveCfg = Debug|Any CPU
		{DA8012F6-B63B-400A-8630-D27FE30A35B8}.Debug|Any CPU.Build.0 = Debug|Any CPU
		{DA8012F6-B63B-400A-8630-D27FE30A35B8}.Release|Any CPU.ActiveCfg = Release|Any CPU
		{DA8012F6-B63B-400A-8630-D27FE30A35B8}.Release|Any CPU.Build.0 = Release|Any CPU
		{53CD6521-1E21-4011-A1B0-20E72491D257}.Debug|Any CPU.ActiveCfg = Debug|Any CPU
		{53CD6521-1E21-4011-A1B0-20E72491D257}.Debug|Any CPU.Build.0 = Debug|Any CPU
		{53CD6521-1E21-4011-A1B0-20E72491D257}.Release|Any CPU.ActiveCfg = Release|Any CPU
		{53CD6521-1E21-4011-A1B0-20E72491D257}.Release|Any CPU.Build.0 = Release|Any CPU
	EndGlobalSection
EndGlobal
